
Microsoft Visual Studio Solution File, Format Version 12.00
# Visual Studio Version 16
VisualStudioVersion = 16.0.36422.26
MinimumVisualStudioVersion = 10.0.40219.1
Project("{9092AA53-FB77-4645-B42D-1CCCA6BD08BD}") = "EnergyFlowCardPlus", "EnergyFlowCardPlus.njsproj", "{787F3AD3-F21E-41BC-8CB7-C10EC1D388F4}"
EndProject
Global
	GlobalSection(SolutionConfigurationPlatforms) = preSolution
		Debug|Any CPU = Debug|Any CPU
		Release|Any CPU = Release|Any CPU
	EndGlobalSection
	GlobalSection(ProjectConfigurationPlatforms) = postSolution
		{787F3AD3-F21E-41BC-8CB7-C10EC1D388F4}.Debug|Any CPU.ActiveCfg = Debug|Any CPU
		{787F3AD3-F21E-41BC-8CB7-C10EC1D388F4}.Debug|Any CPU.Build.0 = Debug|Any CPU
		{787F3AD3-F21E-41BC-8CB7-C10EC1D388F4}.Release|Any CPU.ActiveCfg = Release|Any CPU
		{787F3AD3-F21E-41BC-8CB7-C10EC1D388F4}.Release|Any CPU.Build.0 = Release|Any CPU
	EndGlobalSection
	GlobalSection(SolutionProperties) = preSolution
		HideSolutionNode = FALSE
	EndGlobalSection
	GlobalSection(ExtensibilityGlobals) = postSolution
		SolutionGuid = {AD977B9D-6714-4ACF-94C6-DDF7629FD4DD}
	EndGlobalSection
EndGlobal
